
Microsoft Visual Studio Solution File, Format Version 12.00
# Visual Studio Version 17
VisualStudioVersion = 17.9.34701.34
MinimumVisualStudioVersion = 10.0.40219.1
Project("{FAE04EC0-301F-11D3-BF4B-00C04F79EFBC}") = "Calculate", "Calculate\Calculate.csproj", "{C75902DB-9EE7-417A-9D19-A280A544B16C}"
EndProject
Global
	GlobalSection(SolutionConfigurationPlatforms) = preSolution
		Debug|Any CPU = Debug|Any CPU
		Release|Any CPU = Release|Any CPU
	EndGlobalSection
	GlobalSection(ProjectConfigurationPlatforms) = postSolution
		{C75902DB-9EE7-417A-9D19-A280A544B16C}.Debug|Any CPU.ActiveCfg = Debug|Any CPU
		{C75902DB-9EE7-417A-9D19-A280A544B16C}.Debug|Any CPU.Build.0 = Debug|Any CPU
		{C75902DB-9EE7-417A-9D19-A280A544B16C}.Release|Any CPU.ActiveCfg = Release|Any CPU
		{C75902DB-9EE7-417A-9D19-A280A544B16C}.Release|Any CPU.Build.0 = Release|Any CPU
	EndGlobalSection
	GlobalSection(SolutionProperties) = preSolution
		HideSolutionNode = FALSE
	EndGlobalSection
	GlobalSection(ExtensibilityGlobals) = postSolution
		SolutionGuid = {889774F7-90EB-44F1-A50F-74474B1E282E}
	EndGlobalSection
EndGlobal
